
Microsoft Visual Studio Solution File, Format Version 12.00
# Visual Studio Version 17
VisualStudioVersion = 17.0.31903.59
MinimumVisualStudioVersion = 10.0.40219.1
Project("{FAE04EC0-301F-11D3-BF4B-00C04F79EFBC}") = "DedsiAspire.AppHost", "DedsiAspire.AppHost\DedsiAspire.AppHost.csproj", "{51D50796-54C9-4F2F-B9A6-DB7FB540DCEE}"
EndProject
Project("{FAE04EC0-301F-11D3-BF4B-00C04F79EFBC}") = "DedsiAspire.ServiceDefaults", "DedsiAspire.ServiceDefaults\DedsiAspire.ServiceDefaults.csproj", "{A7B5B333-5050-09A4-EB75-6B891B6475A1}"
EndProject
Project("{2150E333-8FDC-42A3-9474-1A3956D46DE8}") = "DedsiAuthCenter", "DedsiAuthCenter", "{B124734F-6E43-4690-A115-CBF85800E598}"
EndProject
Project("{FAE04EC0-301F-11D3-BF4B-00C04F79EFBC}") = "DedsiAuthCenter.Host", "DedsiAuthCenter\DedsiAuthCenter.Host\DedsiAuthCenter.Host.csproj", "{08214EA8-D49A-AC72-DE50-9983CA48D172}"
EndProject
Project("{2150E333-8FDC-42A3-9474-1A3956D46DE8}") = "DedsiIdentity", "DedsiIdentity", "{A9FE79CA-E97E-47D5-9CB4-2239D98A4542}"
EndProject
Project("{FAE04EC0-301F-11D3-BF4B-00C04F79EFBC}") = "DedsiIdentity.Host", "DedsiIdentity\DedsiIdentity.Host\DedsiIdentity.Host.csproj", "{4EAF128B-4909-503A-802E-893F90494F03}"
EndProject
Project("{2150E333-8FDC-42A3-9474-1A3956D46DE8}") = "DedsiLogs", "DedsiLogs", "{02EA681E-C7D8-13C7-8484-4AC65E1B71E8}"
EndProject
Project("{FAE04EC0-301F-11D3-BF4B-00C04F79EFBC}") = "DedsiLogs.Domain", "DedsiLogs\DedsiLogs.Domain\DedsiLogs.Domain.csproj", "{8C6AC92C-D7A9-ABEE-AAA0-33CE48462ABF}"
EndProject
Project("{FAE04EC0-301F-11D3-BF4B-00C04F79EFBC}") = "DedsiLogs.Host", "DedsiLogs\DedsiLogs.Host\DedsiLogs.Host.csproj", "{C003C5DB-CDFC-7ED0-C9BC-AD41771DAFC9}"
EndProject
Project("{FAE04EC0-301F-11D3-BF4B-00C04F79EFBC}") = "DedsiLogs.HttpApi", "DedsiLogs\DedsiLogs.HttpApi\DedsiLogs.HttpApi.csproj", "{4834442D-089D-98FE-5451-957323B4EF66}"
EndProject
Project("{FAE04EC0-301F-11D3-BF4B-00C04F79EFBC}") = "DedsiLogs.Infrastructure", "DedsiLogs\DedsiLogs.Infrastructure\DedsiLogs.Infrastructure.csproj", "{E94882F8-CF8C-6583-F95A-B128F4066A8F}"
EndProject
Project("{FAE04EC0-301F-11D3-BF4B-00C04F79EFBC}") = "DedsiLogs.Shared", "DedsiLogs\DedsiLogs.Shared\DedsiLogs.Shared.csproj", "{106FD800-C17F-2F71-54DA-4308FD08347B}"
EndProject
Project("{FAE04EC0-301F-11D3-BF4B-00C04F79EFBC}") = "DedsiLogs.UseCase", "DedsiLogs\DedsiLogs.UseCase\DedsiLogs.UseCase.csproj", "{AA879B29-CE3D-7BC7-BF55-84A45F3899DC}"
EndProject
Project("{2150E333-8FDC-42A3-9474-1A3956D46DE8}") = "DedsiApiGateway", "DedsiApiGateway", "{AB32B8BF-E64D-4DC3-B09C-BF8DBB4F2000}"
EndProject
Project("{FAE04EC0-301F-11D3-BF4B-00C04F79EFBC}") = "PublicApiGateway", "DedsiApiGateway\PublicApiGateway\PublicApiGateway.csproj", "{715AC32F-911F-2A16-392B-5AAE6EC3D360}"
EndProject
Global
	GlobalSection(SolutionConfigurationPlatforms) = preSolution
		Debug|Any CPU = Debug|Any CPU
		Release|Any CPU = Release|Any CPU
	EndGlobalSection
	GlobalSection(ProjectConfigurationPlatforms) = postSolution
		{51D50796-54C9-4F2F-B9A6-DB7FB540DCEE}.Debug|Any CPU.ActiveCfg = Debug|Any CPU
		{51D50796-54C9-4F2F-B9A6-DB7FB540DCEE}.Debug|Any CPU.Build.0 = Debug|Any CPU
		{51D50796-54C9-4F2F-B9A6-DB7FB540DCEE}.Release|Any CPU.ActiveCfg = Release|Any CPU
		{51D50796-54C9-4F2F-B9A6-DB7FB540DCEE}.Release|Any CPU.Build.0 = Release|Any CPU
		{A7B5B333-5050-09A4-EB75-6B891B6475A1}.Debug|Any CPU.ActiveCfg = Debug|Any CPU
		{A7B5B333-5050-09A4-EB75-6B891B6475A1}.Debug|Any CPU.Build.0 = Debug|Any CPU
		{A7B5B333-5050-09A4-EB75-6B891B6475A1}.Release|Any CPU.ActiveCfg = Release|Any CPU
		{A7B5B333-5050-09A4-EB75-6B891B6475A1}.Release|Any CPU.Build.0 = Release|Any CPU
		{08214EA8-D49A-AC72-DE50-9983CA48D172}.Debug|Any CPU.ActiveCfg = Debug|Any CPU
		{08214EA8-D49A-AC72-DE50-9983CA48D172}.Debug|Any CPU.Build.0 = Debug|Any CPU
		{08214EA8-D49A-AC72-DE50-9983CA48D172}.Release|Any CPU.ActiveCfg = Release|Any CPU
		{08214EA8-D49A-AC72-DE50-9983CA48D172}.Release|Any CPU.Build.0 = Release|Any CPU
		{4EAF128B-4909-503A-802E-893F90494F03}.Debug|Any CPU.ActiveCfg = Debug|Any CPU
		{4EAF128B-4909-503A-802E-893F90494F03}.Debug|Any CPU.Build.0 = Debug|Any CPU
		{4EAF128B-4909-503A-802E-893F90494F03}.Release|Any CPU.ActiveCfg = Release|Any CPU
		{4EAF128B-4909-503A-802E-893F90494F03}.Release|Any CPU.Build.0 = Release|Any CPU
		{8C6AC92C-D7A9-ABEE-AAA0-33CE48462ABF}.Debug|Any CPU.ActiveCfg = Debug|Any CPU
		{8C6AC92C-D7A9-ABEE-AAA0-33CE48462ABF}.Debug|Any CPU.Build.0 = Debug|Any CPU
		{8C6AC92C-D7A9-ABEE-AAA0-33CE48462ABF}.Release|Any CPU.ActiveCfg = Release|Any CPU
		{8C6AC92C-D7A9-ABEE-AAA0-33CE48462ABF}.Release|Any CPU.Build.0 = Release|Any CPU
		{C003C5DB-CDFC-7ED0-C9BC-AD41771DAFC9}.Debug|Any CPU.ActiveCfg = Debug|Any CPU
		{C003C5DB-CDFC-7ED0-C9BC-AD41771DAFC9}.Debug|Any CPU.Build.0 = Debug|Any CPU
		{C003C5DB-CDFC-7ED0-C9BC-AD41771DAFC9}.Release|Any CPU.ActiveCfg = Release|Any CPU
		{C003C5DB-CDFC-7ED0-C9BC-AD41771DAFC9}.Release|Any CPU.Build.0 = Release|Any CPU
		{4834442D-089D-98FE-5451-957323B4EF66}.Debug|Any CPU.ActiveCfg = Debug|Any CPU
		{4834442D-089D-98FE-5451-957323B4EF66}.Debug|Any CPU.Build.0 = Debug|Any CPU
		{4834442D-089D-98FE-5451-957323B4EF66}.Release|Any CPU.ActiveCfg = Release|Any CPU
		{4834442D-089D-98FE-5451-957323B4EF66}.Release|Any CPU.Build.0 = Release|Any CPU
		{E94882F8-CF8C-6583-F95A-B128F4066A8F}.Debug|Any CPU.ActiveCfg = Debug|Any CPU
		{E94882F8-CF8C-6583-F95A-B128F4066A8F}.Debug|Any CPU.Build.0 = Debug|Any CPU
		{E94882F8-CF8C-6583-F95A-B128F4066A8F}.Release|Any CPU.ActiveCfg = Release|Any CPU
		{E94882F8-CF8C-6583-F95A-B128F4066A8F}.Release|Any CPU.Build.0 = Release|Any CPU
		{106FD800-C17F-2F71-54DA-4308FD08347B}.Debug|Any CPU.ActiveCfg = Debug|Any CPU
		{106FD800-C17F-2F71-54DA-4308FD08347B}.Debug|Any CPU.Build.0 = Debug|Any CPU
		{106FD800-C17F-2F71-54DA-4308FD08347B}.Release|Any CPU.ActiveCfg = Release|Any CPU
		{106FD800-C17F-2F71-54DA-4308FD08347B}.Release|Any CPU.Build.0 = Release|Any CPU
		{AA879B29-CE3D-7BC7-BF55-84A45F3899DC}.Debug|Any CPU.ActiveCfg = Debug|Any CPU
		{AA879B29-CE3D-7BC7-BF55-84A45F3899DC}.Debug|Any CPU.Build.0 = Debug|Any CPU
		{AA879B29-CE3D-7BC7-BF55-84A45F3899DC}.Release|Any CPU.ActiveCfg = Release|Any CPU
		{AA879B29-CE3D-7BC7-BF55-84A45F3899DC}.Release|Any CPU.Build.0 = Release|Any CPU
		{715AC32F-911F-2A16-392B-5AAE6EC3D360}.Debug|Any CPU.ActiveCfg = Debug|Any CPU
		{715AC32F-911F-2A16-392B-5AAE6EC3D360}.Debug|Any CPU.Build.0 = Debug|Any CPU
		{715AC32F-911F-2A16-392B-5AAE6EC3D360}.Release|Any CPU.ActiveCfg = Release|Any CPU
		{715AC32F-911F-2A16-392B-5AAE6EC3D360}.Release|Any CPU.Build.0 = Release|Any CPU
	EndGlobalSection
	GlobalSection(SolutionProperties) = preSolution
		HideSolutionNode = FALSE
	EndGlobalSection
	GlobalSection(NestedProjects) = preSolution
		{08214EA8-D49A-AC72-DE50-9983CA48D172} = {B124734F-6E43-4690-A115-CBF85800E598}
		{4EAF128B-4909-503A-802E-893F90494F03} = {A9FE79CA-E97E-47D5-9CB4-2239D98A4542}
		{8C6AC92C-D7A9-ABEE-AAA0-33CE48462ABF} = {02EA681E-C7D8-13C7-8484-4AC65E1B71E8}
		{C003C5DB-CDFC-7ED0-C9BC-AD41771DAFC9} = {02EA681E-C7D8-13C7-8484-4AC65E1B71E8}
		{4834442D-089D-98FE-5451-957323B4EF66} = {02EA681E-C7D8-13C7-8484-4AC65E1B71E8}
		{E94882F8-CF8C-6583-F95A-B128F4066A8F} = {02EA681E-C7D8-13C7-8484-4AC65E1B71E8}
		{106FD800-C17F-2F71-54DA-4308FD08347B} = {02EA681E-C7D8-13C7-8484-4AC65E1B71E8}
		{AA879B29-CE3D-7BC7-BF55-84A45F3899DC} = {02EA681E-C7D8-13C7-8484-4AC65E1B71E8}
		{715AC32F-911F-2A16-392B-5AAE6EC3D360} = {AB32B8BF-E64D-4DC3-B09C-BF8DBB4F2000}
	EndGlobalSection
	GlobalSection(ExtensibilityGlobals) = postSolution
		SolutionGuid = {E3BE71C5-4564-410A-A1DF-DA164F873F01}
	EndGlobalSection
EndGlobal
