
Microsoft Visual Studio Solution File, Format Version 12.00
# Visual Studio Version 17
VisualStudioVersion = 17.0.31903.59
MinimumVisualStudioVersion = 10.0.40219.1
Project("{2150E333-8FDC-42A3-9474-1A3956D46DE8}") = "DedsiServiceA", "DedsiServiceA", "{02EA681E-C7D8-13C7-8484-4AC65E1B71E8}"
EndProject
Project("{2150E333-8FDC-42A3-9474-1A3956D46DE8}") = "host", "host", "{087191EF-94ED-49B6-8146-30E406A2C708}"
EndProject
Project("{2150E333-8FDC-42A3-9474-1A3956D46DE8}") = "src", "src", "{DB12C3F8-11AA-4FEB-8625-7C2618A475EB}"
EndProject
Project("{FAE04EC0-301F-11D3-BF4B-00C04F79EFBC}") = "DedsiServiceA.Host", "DedsiServiceA\host\DedsiServiceA.Host\DedsiServiceA.Host.csproj", "{D062B108-4721-5A28-A00E-021B83E34B4A}"
EndProject
Project("{FAE04EC0-301F-11D3-BF4B-00C04F79EFBC}") = "DedsiServiceA.Domain", "DedsiServiceA\src\DedsiServiceA.Domain\DedsiServiceA.Domain.csproj", "{37D7DD85-E237-E360-DEDF-0C49A0405E73}"
EndProject
Project("{FAE04EC0-301F-11D3-BF4B-00C04F79EFBC}") = "DedsiServiceA.HttpApi", "DedsiServiceA\src\DedsiServiceA.HttpApi\DedsiServiceA.HttpApi.csproj", "{BF0C3660-D784-E029-4430-6829DDB97CD5}"
EndProject
Project("{FAE04EC0-301F-11D3-BF4B-00C04F79EFBC}") = "DedsiServiceA.Infrastructure", "DedsiServiceA\src\DedsiServiceA.Infrastructure\DedsiServiceA.Infrastructure.csproj", "{43667CC0-19CA-7C7E-F6BB-851492B237BA}"
EndProject
Project("{FAE04EC0-301F-11D3-BF4B-00C04F79EFBC}") = "DedsiServiceA.Shared", "DedsiServiceA\src\DedsiServiceA.Shared\DedsiServiceA.Shared.csproj", "{F36F263E-B97A-ACD9-B3D6-577C034D9E55}"
EndProject
Project("{FAE04EC0-301F-11D3-BF4B-00C04F79EFBC}") = "DedsiServiceA.UseCase", "DedsiServiceA\src\DedsiServiceA.UseCase\DedsiServiceA.UseCase.csproj", "{2DEAA2BA-9313-6E33-8383-3FF92BDFFE6C}"
EndProject
Project("{2150E333-8FDC-42A3-9474-1A3956D46DE8}") = "DedsiServiceB", "DedsiServiceB", "{7EBF76DF-465B-4A6D-96A6-440B929BA22A}"
EndProject
Project("{2150E333-8FDC-42A3-9474-1A3956D46DE8}") = "DedsiServiceC", "DedsiServiceC", "{DB57DC9F-628F-4D88-A6F0-4AC58928DEAC}"
EndProject
Project("{2150E333-8FDC-42A3-9474-1A3956D46DE8}") = "host", "host", "{2E700A50-0C81-47E5-99A1-F60D56763AAC}"
EndProject
Project("{2150E333-8FDC-42A3-9474-1A3956D46DE8}") = "src", "src", "{A2757651-F698-496F-96AD-E1858EF8FA37}"
EndProject
Project("{2150E333-8FDC-42A3-9474-1A3956D46DE8}") = "src", "src", "{56DF0C98-7675-42CC-BB94-C15B35EC887B}"
EndProject
Project("{2150E333-8FDC-42A3-9474-1A3956D46DE8}") = "host", "host", "{A5E74AA7-F0B5-4D8E-AEBE-029AAD5A308E}"
EndProject
Project("{FAE04EC0-301F-11D3-BF4B-00C04F79EFBC}") = "DedsiServiceB.Host", "DedsiServiceB\host\DedsiServiceB.Host\DedsiServiceB.Host.csproj", "{E6DB8F18-36E1-9765-AF71-A8D93E5B31DF}"
EndProject
Project("{FAE04EC0-301F-11D3-BF4B-00C04F79EFBC}") = "DedsiServiceB.Domain", "DedsiServiceB\src\DedsiServiceB.Domain\DedsiServiceB.Domain.csproj", "{E141E5AD-6E38-D21D-2DED-C928E14B53CD}"
EndProject
Project("{FAE04EC0-301F-11D3-BF4B-00C04F79EFBC}") = "DedsiServiceB.HttpApi", "DedsiServiceB\src\DedsiServiceB.HttpApi\DedsiServiceB.HttpApi.csproj", "{0C9F68E1-1B20-EA56-A492-4D2716376689}"
EndProject
Project("{FAE04EC0-301F-11D3-BF4B-00C04F79EFBC}") = "DedsiServiceB.Infrastructure", "DedsiServiceB\src\DedsiServiceB.Infrastructure\DedsiServiceB.Infrastructure.csproj", "{DFB32E17-C945-4FDE-EA3B-DCAAB8BA7993}"
EndProject
Project("{FAE04EC0-301F-11D3-BF4B-00C04F79EFBC}") = "DedsiServiceB.Shared", "DedsiServiceB\src\DedsiServiceB.Shared\DedsiServiceB.Shared.csproj", "{8C504D19-9453-068E-595B-E8FF4DE559A3}"
EndProject
Project("{FAE04EC0-301F-11D3-BF4B-00C04F79EFBC}") = "DedsiServiceB.UseCase", "DedsiServiceB\src\DedsiServiceB.UseCase\DedsiServiceB.UseCase.csproj", "{299BACD7-7354-FE9A-7880-77297CED1E05}"
EndProject
Project("{FAE04EC0-301F-11D3-BF4B-00C04F79EFBC}") = "DedsiServiceC.Host", "DedsiServiceC\host\DedsiServiceC.Host\DedsiServiceC.Host.csproj", "{0107B627-C60B-CDD6-C79F-BFCB88E454D7}"
EndProject
Project("{FAE04EC0-301F-11D3-BF4B-00C04F79EFBC}") = "DedsiServiceC.Domain", "DedsiServiceC\src\DedsiServiceC.Domain\DedsiServiceC.Domain.csproj", "{9E5D04E0-C638-9EDF-82B0-966D00F89F41}"
EndProject
Project("{FAE04EC0-301F-11D3-BF4B-00C04F79EFBC}") = "DedsiServiceC.HttpApi", "DedsiServiceC\src\DedsiServiceC.HttpApi\DedsiServiceC.HttpApi.csproj", "{7F09F027-5BD8-68C9-35D6-53E47896DC31}"
EndProject
Project("{FAE04EC0-301F-11D3-BF4B-00C04F79EFBC}") = "DedsiServiceC.Infrastructure", "DedsiServiceC\src\DedsiServiceC.Infrastructure\DedsiServiceC.Infrastructure.csproj", "{803F1B39-D435-D932-B2A3-BA7B5FA8A8CD}"
EndProject
Project("{FAE04EC0-301F-11D3-BF4B-00C04F79EFBC}") = "DedsiServiceC.Shared", "DedsiServiceC\src\DedsiServiceC.Shared\DedsiServiceC.Shared.csproj", "{54D5D554-530E-1C26-A3E5-AADD9186CC2A}"
EndProject
Project("{FAE04EC0-301F-11D3-BF4B-00C04F79EFBC}") = "DedsiServiceC.UseCase", "DedsiServiceC\src\DedsiServiceC.UseCase\DedsiServiceC.UseCase.csproj", "{8B47DCA8-1DD4-7D53-47C3-327D8AB0848E}"
EndProject
Project("{FAE04EC0-301F-11D3-BF4B-00C04F79EFBC}") = "DedsiAspire.AppHost", "DedsiAspire.AppHost\DedsiAspire.AppHost.csproj", "{51D50796-54C9-4F2F-B9A6-DB7FB540DCEE}"
EndProject
Project("{FAE04EC0-301F-11D3-BF4B-00C04F79EFBC}") = "DedsiAspire.ServiceDefaults", "DedsiAspire.ServiceDefaults\DedsiAspire.ServiceDefaults.csproj", "{A7B5B333-5050-09A4-EB75-6B891B6475A1}"
EndProject
Project("{FAE04EC0-301F-11D3-BF4B-00C04F79EFBC}") = "DedsiServiceA.HttpApi.Client", "DedsiServiceA\src\DedsiServiceA.HttpApi.Client\DedsiServiceA.HttpApi.Client.csproj", "{99C731B1-FCE4-EAC5-5992-150F05B52C89}"
EndProject
Project("{2150E333-8FDC-42A3-9474-1A3956D46DE8}") = "DedsiAuthCenter", "DedsiAuthCenter", "{B124734F-6E43-4690-A115-CBF85800E598}"
EndProject
Project("{FAE04EC0-301F-11D3-BF4B-00C04F79EFBC}") = "DedsiAuthCenter.Host", "DedsiAuthCenter\DedsiAuthCenter.Host\DedsiAuthCenter.Host.csproj", "{08214EA8-D49A-AC72-DE50-9983CA48D172}"
EndProject
Project("{2150E333-8FDC-42A3-9474-1A3956D46DE8}") = "DedsiIdentity", "DedsiIdentity", "{A9FE79CA-E97E-47D5-9CB4-2239D98A4542}"
EndProject
Project("{FAE04EC0-301F-11D3-BF4B-00C04F79EFBC}") = "DedsiIdentity.Host", "DedsiIdentity\DedsiIdentity.Host\DedsiIdentity.Host.csproj", "{4EAF128B-4909-503A-802E-893F90494F03}"
EndProject
Global
	GlobalSection(SolutionConfigurationPlatforms) = preSolution
		Debug|Any CPU = Debug|Any CPU
		Release|Any CPU = Release|Any CPU
	EndGlobalSection
	GlobalSection(ProjectConfigurationPlatforms) = postSolution
		{D062B108-4721-5A28-A00E-021B83E34B4A}.Debug|Any CPU.ActiveCfg = Debug|Any CPU
		{D062B108-4721-5A28-A00E-021B83E34B4A}.Debug|Any CPU.Build.0 = Debug|Any CPU
		{D062B108-4721-5A28-A00E-021B83E34B4A}.Release|Any CPU.ActiveCfg = Release|Any CPU
		{D062B108-4721-5A28-A00E-021B83E34B4A}.Release|Any CPU.Build.0 = Release|Any CPU
		{37D7DD85-E237-E360-DEDF-0C49A0405E73}.Debug|Any CPU.ActiveCfg = Debug|Any CPU
		{37D7DD85-E237-E360-DEDF-0C49A0405E73}.Debug|Any CPU.Build.0 = Debug|Any CPU
		{37D7DD85-E237-E360-DEDF-0C49A0405E73}.Release|Any CPU.ActiveCfg = Release|Any CPU
		{37D7DD85-E237-E360-DEDF-0C49A0405E73}.Release|Any CPU.Build.0 = Release|Any CPU
		{BF0C3660-D784-E029-4430-6829DDB97CD5}.Debug|Any CPU.ActiveCfg = Debug|Any CPU
		{BF0C3660-D784-E029-4430-6829DDB97CD5}.Debug|Any CPU.Build.0 = Debug|Any CPU
		{BF0C3660-D784-E029-4430-6829DDB97CD5}.Release|Any CPU.ActiveCfg = Release|Any CPU
		{BF0C3660-D784-E029-4430-6829DDB97CD5}.Release|Any CPU.Build.0 = Release|Any CPU
		{43667CC0-19CA-7C7E-F6BB-851492B237BA}.Debug|Any CPU.ActiveCfg = Debug|Any CPU
		{43667CC0-19CA-7C7E-F6BB-851492B237BA}.Debug|Any CPU.Build.0 = Debug|Any CPU
		{43667CC0-19CA-7C7E-F6BB-851492B237BA}.Release|Any CPU.ActiveCfg = Release|Any CPU
		{43667CC0-19CA-7C7E-F6BB-851492B237BA}.Release|Any CPU.Build.0 = Release|Any CPU
		{F36F263E-B97A-ACD9-B3D6-577C034D9E55}.Debug|Any CPU.ActiveCfg = Debug|Any CPU
		{F36F263E-B97A-ACD9-B3D6-577C034D9E55}.Debug|Any CPU.Build.0 = Debug|Any CPU
		{F36F263E-B97A-ACD9-B3D6-577C034D9E55}.Release|Any CPU.ActiveCfg = Release|Any CPU
		{F36F263E-B97A-ACD9-B3D6-577C034D9E55}.Release|Any CPU.Build.0 = Release|Any CPU
		{2DEAA2BA-9313-6E33-8383-3FF92BDFFE6C}.Debug|Any CPU.ActiveCfg = Debug|Any CPU
		{2DEAA2BA-9313-6E33-8383-3FF92BDFFE6C}.Debug|Any CPU.Build.0 = Debug|Any CPU
		{2DEAA2BA-9313-6E33-8383-3FF92BDFFE6C}.Release|Any CPU.ActiveCfg = Release|Any CPU
		{2DEAA2BA-9313-6E33-8383-3FF92BDFFE6C}.Release|Any CPU.Build.0 = Release|Any CPU
		{E6DB8F18-36E1-9765-AF71-A8D93E5B31DF}.Debug|Any CPU.ActiveCfg = Debug|Any CPU
		{E6DB8F18-36E1-9765-AF71-A8D93E5B31DF}.Debug|Any CPU.Build.0 = Debug|Any CPU
		{E6DB8F18-36E1-9765-AF71-A8D93E5B31DF}.Release|Any CPU.ActiveCfg = Release|Any CPU
		{E6DB8F18-36E1-9765-AF71-A8D93E5B31DF}.Release|Any CPU.Build.0 = Release|Any CPU
		{E141E5AD-6E38-D21D-2DED-C928E14B53CD}.Debug|Any CPU.ActiveCfg = Debug|Any CPU
		{E141E5AD-6E38-D21D-2DED-C928E14B53CD}.Debug|Any CPU.Build.0 = Debug|Any CPU
		{E141E5AD-6E38-D21D-2DED-C928E14B53CD}.Release|Any CPU.ActiveCfg = Release|Any CPU
		{E141E5AD-6E38-D21D-2DED-C928E14B53CD}.Release|Any CPU.Build.0 = Release|Any CPU
		{0C9F68E1-1B20-EA56-A492-4D2716376689}.Debug|Any CPU.ActiveCfg = Debug|Any CPU
		{0C9F68E1-1B20-EA56-A492-4D2716376689}.Debug|Any CPU.Build.0 = Debug|Any CPU
		{0C9F68E1-1B20-EA56-A492-4D2716376689}.Release|Any CPU.ActiveCfg = Release|Any CPU
		{0C9F68E1-1B20-EA56-A492-4D2716376689}.Release|Any CPU.Build.0 = Release|Any CPU
		{DFB32E17-C945-4FDE-EA3B-DCAAB8BA7993}.Debug|Any CPU.ActiveCfg = Debug|Any CPU
		{DFB32E17-C945-4FDE-EA3B-DCAAB8BA7993}.Debug|Any CPU.Build.0 = Debug|Any CPU
		{DFB32E17-C945-4FDE-EA3B-DCAAB8BA7993}.Release|Any CPU.ActiveCfg = Release|Any CPU
		{DFB32E17-C945-4FDE-EA3B-DCAAB8BA7993}.Release|Any CPU.Build.0 = Release|Any CPU
		{8C504D19-9453-068E-595B-E8FF4DE559A3}.Debug|Any CPU.ActiveCfg = Debug|Any CPU
		{8C504D19-9453-068E-595B-E8FF4DE559A3}.Debug|Any CPU.Build.0 = Debug|Any CPU
		{8C504D19-9453-068E-595B-E8FF4DE559A3}.Release|Any CPU.ActiveCfg = Release|Any CPU
		{8C504D19-9453-068E-595B-E8FF4DE559A3}.Release|Any CPU.Build.0 = Release|Any CPU
		{299BACD7-7354-FE9A-7880-77297CED1E05}.Debug|Any CPU.ActiveCfg = Debug|Any CPU
		{299BACD7-7354-FE9A-7880-77297CED1E05}.Debug|Any CPU.Build.0 = Debug|Any CPU
		{299BACD7-7354-FE9A-7880-77297CED1E05}.Release|Any CPU.ActiveCfg = Release|Any CPU
		{299BACD7-7354-FE9A-7880-77297CED1E05}.Release|Any CPU.Build.0 = Release|Any CPU
		{0107B627-C60B-CDD6-C79F-BFCB88E454D7}.Debug|Any CPU.ActiveCfg = Debug|Any CPU
		{0107B627-C60B-CDD6-C79F-BFCB88E454D7}.Debug|Any CPU.Build.0 = Debug|Any CPU
		{0107B627-C60B-CDD6-C79F-BFCB88E454D7}.Release|Any CPU.ActiveCfg = Release|Any CPU
		{0107B627-C60B-CDD6-C79F-BFCB88E454D7}.Release|Any CPU.Build.0 = Release|Any CPU
		{9E5D04E0-C638-9EDF-82B0-966D00F89F41}.Debug|Any CPU.ActiveCfg = Debug|Any CPU
		{9E5D04E0-C638-9EDF-82B0-966D00F89F41}.Debug|Any CPU.Build.0 = Debug|Any CPU
		{9E5D04E0-C638-9EDF-82B0-966D00F89F41}.Release|Any CPU.ActiveCfg = Release|Any CPU
		{9E5D04E0-C638-9EDF-82B0-966D00F89F41}.Release|Any CPU.Build.0 = Release|Any CPU
		{7F09F027-5BD8-68C9-35D6-53E47896DC31}.Debug|Any CPU.ActiveCfg = Debug|Any CPU
		{7F09F027-5BD8-68C9-35D6-53E47896DC31}.Debug|Any CPU.Build.0 = Debug|Any CPU
		{7F09F027-5BD8-68C9-35D6-53E47896DC31}.Release|Any CPU.ActiveCfg = Release|Any CPU
		{7F09F027-5BD8-68C9-35D6-53E47896DC31}.Release|Any CPU.Build.0 = Release|Any CPU
		{803F1B39-D435-D932-B2A3-BA7B5FA8A8CD}.Debug|Any CPU.ActiveCfg = Debug|Any CPU
		{803F1B39-D435-D932-B2A3-BA7B5FA8A8CD}.Debug|Any CPU.Build.0 = Debug|Any CPU
		{803F1B39-D435-D932-B2A3-BA7B5FA8A8CD}.Release|Any CPU.ActiveCfg = Release|Any CPU
		{803F1B39-D435-D932-B2A3-BA7B5FA8A8CD}.Release|Any CPU.Build.0 = Release|Any CPU
		{54D5D554-530E-1C26-A3E5-AADD9186CC2A}.Debug|Any CPU.ActiveCfg = Debug|Any CPU
		{54D5D554-530E-1C26-A3E5-AADD9186CC2A}.Debug|Any CPU.Build.0 = Debug|Any CPU
		{54D5D554-530E-1C26-A3E5-AADD9186CC2A}.Release|Any CPU.ActiveCfg = Release|Any CPU
		{54D5D554-530E-1C26-A3E5-AADD9186CC2A}.Release|Any CPU.Build.0 = Release|Any CPU
		{8B47DCA8-1DD4-7D53-47C3-327D8AB0848E}.Debug|Any CPU.ActiveCfg = Debug|Any CPU
		{8B47DCA8-1DD4-7D53-47C3-327D8AB0848E}.Debug|Any CPU.Build.0 = Debug|Any CPU
		{8B47DCA8-1DD4-7D53-47C3-327D8AB0848E}.Release|Any CPU.ActiveCfg = Release|Any CPU
		{8B47DCA8-1DD4-7D53-47C3-327D8AB0848E}.Release|Any CPU.Build.0 = Release|Any CPU
		{51D50796-54C9-4F2F-B9A6-DB7FB540DCEE}.Debug|Any CPU.ActiveCfg = Debug|Any CPU
		{51D50796-54C9-4F2F-B9A6-DB7FB540DCEE}.Debug|Any CPU.Build.0 = Debug|Any CPU
		{51D50796-54C9-4F2F-B9A6-DB7FB540DCEE}.Release|Any CPU.ActiveCfg = Release|Any CPU
		{51D50796-54C9-4F2F-B9A6-DB7FB540DCEE}.Release|Any CPU.Build.0 = Release|Any CPU
		{A7B5B333-5050-09A4-EB75-6B891B6475A1}.Debug|Any CPU.ActiveCfg = Debug|Any CPU
		{A7B5B333-5050-09A4-EB75-6B891B6475A1}.Debug|Any CPU.Build.0 = Debug|Any CPU
		{A7B5B333-5050-09A4-EB75-6B891B6475A1}.Release|Any CPU.ActiveCfg = Release|Any CPU
		{A7B5B333-5050-09A4-EB75-6B891B6475A1}.Release|Any CPU.Build.0 = Release|Any CPU
		{99C731B1-FCE4-EAC5-5992-150F05B52C89}.Debug|Any CPU.ActiveCfg = Debug|Any CPU
		{99C731B1-FCE4-EAC5-5992-150F05B52C89}.Debug|Any CPU.Build.0 = Debug|Any CPU
		{99C731B1-FCE4-EAC5-5992-150F05B52C89}.Release|Any CPU.ActiveCfg = Release|Any CPU
		{99C731B1-FCE4-EAC5-5992-150F05B52C89}.Release|Any CPU.Build.0 = Release|Any CPU
		{08214EA8-D49A-AC72-DE50-9983CA48D172}.Debug|Any CPU.ActiveCfg = Debug|Any CPU
		{08214EA8-D49A-AC72-DE50-9983CA48D172}.Debug|Any CPU.Build.0 = Debug|Any CPU
		{08214EA8-D49A-AC72-DE50-9983CA48D172}.Release|Any CPU.ActiveCfg = Release|Any CPU
		{08214EA8-D49A-AC72-DE50-9983CA48D172}.Release|Any CPU.Build.0 = Release|Any CPU
		{4EAF128B-4909-503A-802E-893F90494F03}.Debug|Any CPU.ActiveCfg = Debug|Any CPU
		{4EAF128B-4909-503A-802E-893F90494F03}.Debug|Any CPU.Build.0 = Debug|Any CPU
		{4EAF128B-4909-503A-802E-893F90494F03}.Release|Any CPU.ActiveCfg = Release|Any CPU
		{4EAF128B-4909-503A-802E-893F90494F03}.Release|Any CPU.Build.0 = Release|Any CPU
	EndGlobalSection
	GlobalSection(SolutionProperties) = preSolution
		HideSolutionNode = FALSE
	EndGlobalSection
	GlobalSection(NestedProjects) = preSolution
		{087191EF-94ED-49B6-8146-30E406A2C708} = {02EA681E-C7D8-13C7-8484-4AC65E1B71E8}
		{DB12C3F8-11AA-4FEB-8625-7C2618A475EB} = {02EA681E-C7D8-13C7-8484-4AC65E1B71E8}
		{D062B108-4721-5A28-A00E-021B83E34B4A} = {087191EF-94ED-49B6-8146-30E406A2C708}
		{37D7DD85-E237-E360-DEDF-0C49A0405E73} = {DB12C3F8-11AA-4FEB-8625-7C2618A475EB}
		{BF0C3660-D784-E029-4430-6829DDB97CD5} = {DB12C3F8-11AA-4FEB-8625-7C2618A475EB}
		{43667CC0-19CA-7C7E-F6BB-851492B237BA} = {DB12C3F8-11AA-4FEB-8625-7C2618A475EB}
		{F36F263E-B97A-ACD9-B3D6-577C034D9E55} = {DB12C3F8-11AA-4FEB-8625-7C2618A475EB}
		{2DEAA2BA-9313-6E33-8383-3FF92BDFFE6C} = {DB12C3F8-11AA-4FEB-8625-7C2618A475EB}
		{2E700A50-0C81-47E5-99A1-F60D56763AAC} = {7EBF76DF-465B-4A6D-96A6-440B929BA22A}
		{A2757651-F698-496F-96AD-E1858EF8FA37} = {7EBF76DF-465B-4A6D-96A6-440B929BA22A}
		{56DF0C98-7675-42CC-BB94-C15B35EC887B} = {DB57DC9F-628F-4D88-A6F0-4AC58928DEAC}
		{A5E74AA7-F0B5-4D8E-AEBE-029AAD5A308E} = {DB57DC9F-628F-4D88-A6F0-4AC58928DEAC}
		{E6DB8F18-36E1-9765-AF71-A8D93E5B31DF} = {2E700A50-0C81-47E5-99A1-F60D56763AAC}
		{E141E5AD-6E38-D21D-2DED-C928E14B53CD} = {A2757651-F698-496F-96AD-E1858EF8FA37}
		{0C9F68E1-1B20-EA56-A492-4D2716376689} = {A2757651-F698-496F-96AD-E1858EF8FA37}
		{DFB32E17-C945-4FDE-EA3B-DCAAB8BA7993} = {A2757651-F698-496F-96AD-E1858EF8FA37}
		{8C504D19-9453-068E-595B-E8FF4DE559A3} = {A2757651-F698-496F-96AD-E1858EF8FA37}
		{299BACD7-7354-FE9A-7880-77297CED1E05} = {A2757651-F698-496F-96AD-E1858EF8FA37}
		{0107B627-C60B-CDD6-C79F-BFCB88E454D7} = {A5E74AA7-F0B5-4D8E-AEBE-029AAD5A308E}
		{9E5D04E0-C638-9EDF-82B0-966D00F89F41} = {56DF0C98-7675-42CC-BB94-C15B35EC887B}
		{7F09F027-5BD8-68C9-35D6-53E47896DC31} = {56DF0C98-7675-42CC-BB94-C15B35EC887B}
		{803F1B39-D435-D932-B2A3-BA7B5FA8A8CD} = {56DF0C98-7675-42CC-BB94-C15B35EC887B}
		{54D5D554-530E-1C26-A3E5-AADD9186CC2A} = {56DF0C98-7675-42CC-BB94-C15B35EC887B}
		{8B47DCA8-1DD4-7D53-47C3-327D8AB0848E} = {56DF0C98-7675-42CC-BB94-C15B35EC887B}
		{99C731B1-FCE4-EAC5-5992-150F05B52C89} = {DB12C3F8-11AA-4FEB-8625-7C2618A475EB}
		{08214EA8-D49A-AC72-DE50-9983CA48D172} = {B124734F-6E43-4690-A115-CBF85800E598}
		{4EAF128B-4909-503A-802E-893F90494F03} = {A9FE79CA-E97E-47D5-9CB4-2239D98A4542}
	EndGlobalSection
	GlobalSection(ExtensibilityGlobals) = postSolution
		SolutionGuid = {E3BE71C5-4564-410A-A1DF-DA164F873F01}
	EndGlobalSection
EndGlobal
